
Microsoft Visual Studio Solution File, Format Version 12.00
# Visual Studio Version 17
VisualStudioVersion = 17.14.36623.8
MinimumVisualStudioVersion = 10.0.40219.1
Project("{FAE04EC0-301F-11D3-BF4B-00C04F79EFBC}") = "SpeechBuilder", "SpeechBuilder\SpeechBuilder.csproj", "{FE35F686-96B4-4889-8CF5-028504D0AA17}"
EndProject
Project("{FAE04EC0-301F-11D3-BF4B-00C04F79EFBC}") = "BlindLight", "BlindLight\BlindLight.csproj", "{65EEB8F6-145B-4530-AEE8-1FFE6C601729}"
EndProject
Global
	GlobalSection(SolutionConfigurationPlatforms) = preSolution
		Debug|Any CPU = Debug|Any CPU
		Release|Any CPU = Release|Any CPU
	EndGlobalSection
	GlobalSection(ProjectConfigurationPlatforms) = postSolution
		{FE35F686-96B4-4889-8CF5-028504D0AA17}.Debug|Any CPU.ActiveCfg = Debug|Any CPU
		{FE35F686-96B4-4889-8CF5-028504D0AA17}.Debug|Any CPU.Build.0 = Debug|Any CPU
		{FE35F686-96B4-4889-8CF5-028504D0AA17}.Release|Any CPU.ActiveCfg = Release|Any CPU
		{FE35F686-96B4-4889-8CF5-028504D0AA17}.Release|Any CPU.Build.0 = Release|Any CPU
		{65EEB8F6-145B-4530-AEE8-1FFE6C601729}.Debug|Any CPU.ActiveCfg = Debug|Any CPU
		{65EEB8F6-145B-4530-AEE8-1FFE6C601729}.Debug|Any CPU.Build.0 = Debug|Any CPU
		{65EEB8F6-145B-4530-AEE8-1FFE6C601729}.Release|Any CPU.ActiveCfg = Release|Any CPU
		{65EEB8F6-145B-4530-AEE8-1FFE6C601729}.Release|Any CPU.Build.0 = Release|Any CPU
	EndGlobalSection
	GlobalSection(SolutionProperties) = preSolution
		HideSolutionNode = FALSE
	EndGlobalSection
	GlobalSection(ExtensibilityGlobals) = postSolution
		SolutionGuid = {F1E62611-C6D5-45BF-9B51-78A15F9414EB}
	EndGlobalSection
EndGlobal
